{
    "_readme": [
        "This file locks the dependencies of your project to a known state",
        "Read more about it at https://getcomposer.org/doc/01-basic-usage.md#installing-dependencies",
        "This file is @generated automatically"
    ],
    "content-hash": "473878d4d952fcef784e4f97ee137ffe",
    "packages": [
        {
            "name": "codeigniter/framework",
            "version": "3.1.10",
            "source": {
                "type": "git",
                "url": "https://github.com/bcit-ci/CodeIgniter.git",
                "reference": "c576995304fc3609cca0b7b92d1b2cd611ec82f5"
            },
            "dist": {
                "type": "zip",
                "url": "https://api.github.com/repos/bcit-ci/CodeIgniter/zipball/c576995304fc3609cca0b7b92d1b2cd611ec82f5",
                "reference": "c576995304fc3609cca0b7b92d1b2cd611ec82f5",
                "shasum": ""
            },
            "require": {
                "php": ">=5.3.7"
            },
            "require-dev": {
                "mikey179/vfsstream": "1.1.*",
                "phpunit/phpunit": "4.* || 5.*"
            },
            "suggest": {
                "paragonie/random_compat": "Provides better randomness in PHP 5.x"
            },
            "type": "project",
            "notification-url": "https://packagist.org/downloads/",
            "license": [
                "MIT"
            ],
            "description": "The CodeIgniter framework",
            "homepage": "https://codeigniter.com",
            "time": "2019-01-16T15:49:35+00:00"
        },
        {
            "name": "jupitern/table",
            "version": "2.0.0",
            "source": {
                "type": "git",
                "url": "https://github.com/jupitern/table.git",
                "reference": "7d58739c2988d104b36e801da05a5cf8a212f827"
            },
            "dist": {
                "type": "zip",
                "url": "https://api.github.com/repos/jupitern/table/zipball/7d58739c2988d104b36e801da05a5cf8a212f827",
                "reference": "7d58739c2988d104b36e801da05a5cf8a212f827",
                "shasum": ""
            },
            "require": {
                "ext-json": "*",
                "php": ">=5.6"
            },
            "type": "library",
            "autoload": {
                "psr-4": {
                    "Jupitern\\": "src/"
                }
            },
            "notification-url": "https://packagist.org/downloads/",
            "license": [
                "MIT"
            ],
            "authors": [
                {
                    "name": "Nuno Chaves",
                    "email": "nuno.chaves@sapo.pt",
                    "role": "Developer"
                }
            ],
            "description": "HTML table generation for PHP. integrates with your favourite orm and js library",
            "homepage": "https://github.com/jupitern/table",
            "keywords": [
                "PHP html table generation",
                "datatables",
                "framework",
                "jquery",
                "orm",
                "ui"
            ],
            "time": "2019-06-19T16:44:28+00:00"
        },
        {
            "name": "npm-asset/feather-icons",
            "version": "4.22.1",
            "dist": {
                "type": "tar",
                "url": "https://registry.npmjs.org/feather-icons/-/feather-icons-4.22.1.tgz",
                "reference": null,
                "shasum": null
            },
            "require": {
                "npm-asset/classnames": ">=2.2.5,<3.0.0",
                "npm-asset/core-js": ">=3.1.3,<4.0.0"
            },
            "type": "npm-asset",
            "license": [
                "MIT"
            ]
        },
        {
            "name": "pixelrobin/php-feather",
            "version": "dev-feather-dependency",
            "source": {
                "type": "git",
                "url": "https://github.com/craigrodway/php-feather.git",
                "reference": "e7769f53e2a53f94e0a99e4728f1ba51c03f719a"
            },
            "dist": {
                "type": "zip",
                "url": "https://api.github.com/repos/craigrodway/php-feather/zipball/e7769f53e2a53f94e0a99e4728f1ba51c03f719a",
                "reference": "e7769f53e2a53f94e0a99e4728f1ba51c03f719a",
                "shasum": ""
            },
            "require": {
                "npm-asset/feather-icons": ">=4",
                "php": ">=5.3.0"
            },
            "replace": {
                "npm-asset/classnames": "*",
                "npm-asset/core-js": "*"
            },
            "require-dev": {
                "phpunit/phpunit": "7"
            },
            "type": "library",
            "autoload": {
                "psr-4": {
                    "Feather\\": "src/"
                }
            },
            "scripts": {
                "test": [
                    "phpunit --verbose --bootstrap vendor/autoload.php ./tests/FeatherTest"
                ]
            },
            "license": [
                "MIT"
            ],
            "authors": [
                {
                    "name": "Michael Savchuk",
                    "email": "pixelrobin@hotmail.com"
                }
            ],
            "description": "PHP library for feather icons",
            "keywords": [
                "feather",
                "icons",
                "pixelrobin",
                "svg"
            ],
            "support": {
                "source": "https://github.com/craigrodway/php-feather/tree/feather-dependency"
            },
            "time": "2019-06-19T15:30:19+00:00"
        }
    ],
    "packages-dev": [],
    "aliases": [],
    "minimum-stability": "stable",
    "stability-flags": {
        "pixelrobin/php-feather": 20
    },
    "prefer-stable": false,
    "prefer-lowest": false,
    "platform": {
        "php": ">=5.5.0"
    },
    "platform-dev": []
}
