{
    "_readme": [
        "This file locks the dependencies of your project to a known state",
        "Read more about it at https://getcomposer.org/doc/01-basic-usage.md#installing-dependencies",
        "This file is @generated automatically"
    ],
    "content-hash": "ecd85afe7524745ee228f5e21e7fd6b0",
    "packages": [
        {
            "name": "codeigniter/framework",
            "version": "3.1.10",
            "source": {
                "type": "git",
                "url": "https://github.com/bcit-ci/CodeIgniter.git",
                "reference": "c576995304fc3609cca0b7b92d1b2cd611ec82f5"
            },
            "dist": {
                "type": "zip",
                "url": "https://api.github.com/repos/bcit-ci/CodeIgniter/zipball/c576995304fc3609cca0b7b92d1b2cd611ec82f5",
                "reference": "c576995304fc3609cca0b7b92d1b2cd611ec82f5",
                "shasum": ""
            },
            "require": {
                "php": ">=5.3.7"
            },
            "require-dev": {
                "mikey179/vfsstream": "1.1.*",
                "phpunit/phpunit": "4.* || 5.*"
            },
            "suggest": {
                "paragonie/random_compat": "Provides better randomness in PHP 5.x"
            },
            "type": "project",
            "notification-url": "https://packagist.org/downloads/",
            "license": [
                "MIT"
            ],
            "description": "The CodeIgniter framework",
            "homepage": "https://codeigniter.com",
            "time": "2019-01-16T15:49:35+00:00"
        },
        {
            "name": "jupitern/table",
            "version": "1.0.3",
            "source": {
                "type": "git",
                "url": "https://github.com/jupitern/table.git",
                "reference": "c395c824a04f1494decaabfe32d08af16363798a"
            },
            "dist": {
                "type": "zip",
                "url": "https://api.github.com/repos/jupitern/table/zipball/c395c824a04f1494decaabfe32d08af16363798a",
                "reference": "c395c824a04f1494decaabfe32d08af16363798a",
                "shasum": ""
            },
            "require": {
                "php": ">=5.4"
            },
            "type": "library",
            "autoload": {
                "psr-4": {
                    "Jupitern\\": "src/"
                }
            },
            "notification-url": "https://packagist.org/downloads/",
            "license": [
                "MIT"
            ],
            "authors": [
                {
                    "name": "Nuno Chaves",
                    "email": "nuno.chaves@sapo.pt",
                    "role": "Developer"
                }
            ],
            "description": "HTML table generation for PHP. integrates with your favourite orm and js library",
            "homepage": "https://github.com/jupitern/table",
            "keywords": [
                "PHP html table generation",
                "datatables",
                "framework",
                "jquery",
                "orm",
                "ui"
            ],
            "time": "2018-02-12T16:22:01+00:00"
        },
        {
            "name": "pixelrobin/php-feather",
            "version": "v1.0.2",
            "source": {
                "type": "git",
                "url": "https://github.com/Pixelrobin/php-feather.git",
                "reference": "54fe84a44ada5c314ece1727747dc132d60f8acb"
            },
            "dist": {
                "type": "zip",
                "url": "https://api.github.com/repos/Pixelrobin/php-feather/zipball/54fe84a44ada5c314ece1727747dc132d60f8acb",
                "reference": "54fe84a44ada5c314ece1727747dc132d60f8acb",
                "shasum": ""
            },
            "require": {
                "php": ">=5.3.0"
            },
            "require-dev": {
                "phpunit/phpunit": "7"
            },
            "type": "library",
            "autoload": {
                "psr-4": {
                    "Feather\\": "src/"
                }
            },
            "notification-url": "https://packagist.org/downloads/",
            "license": [
                "MIT"
            ],
            "authors": [
                {
                    "name": "Michael Savchuk",
                    "email": "pixelrobin@hotmail.com"
                }
            ],
            "description": "PHP library for feather icons",
            "keywords": [
                "feather",
                "icons",
                "pixelrobin",
                "svg"
            ],
            "time": "2019-01-03T00:33:07+00:00"
        }
    ],
    "packages-dev": [],
    "aliases": [],
    "minimum-stability": "stable",
    "stability-flags": [],
    "prefer-stable": false,
    "prefer-lowest": false,
    "platform": {
        "php": ">=5.5.0"
    },
    "platform-dev": []
}
